
Microsoft Visual Studio Solution File, Format Version 12.00
# Visual Studio Version 17
VisualStudioVersion = 17.9.34728.123
MinimumVisualStudioVersion = 10.0.40219.1
Project("{9A19103F-16F7-4668-BE54-9A1E7A4F7556}") = "JoaoHong.APICollection", "JoaoHong.APICollection\JoaoHong.APICollection.csproj", "{AB08F8D8-C940-4458-99D6-0BA9A45C4D89}"
	ProjectSection(ProjectDependencies) = postProject
		{348FA469-A132-42FD-8F8F-9CE4BD954813} = {348FA469-A132-42FD-8F8F-9CE4BD954813}
		{9A5F884B-C010-405D-AF95-7DF625596489} = {9A5F884B-C010-405D-AF95-7DF625596489}
	EndProjectSection
EndProject
Project("{2150E333-8FDC-42A3-9474-1A3956D46DE8}") = "Driving", "Driving", "{A265CCC8-E418-4E24-AC5F-0D6698BE4E4C}"
EndProject
Project("{2150E333-8FDC-42A3-9474-1A3956D46DE8}") = "Driven", "Driven", "{FB5AF70D-C3DE-4F0C-A6D2-57B3D9A675E5}"
EndProject
Project("{2150E333-8FDC-42A3-9474-1A3956D46DE8}") = "Core", "Core", "{92FD9A97-3FCA-4FF4-87C9-5FA1550B87EF}"
EndProject
Project("{9A19103F-16F7-4668-BE54-9A1E7A4F7556}") = "JoaoHong.APICollection.Application", "JoaoHong.APICollection.Application\JoaoHong.APICollection.Application.csproj", "{9A5F884B-C010-405D-AF95-7DF625596489}"
	ProjectSection(ProjectDependencies) = postProject
		{348FA469-A132-42FD-8F8F-9CE4BD954813} = {348FA469-A132-42FD-8F8F-9CE4BD954813}
		{6B7474D4-0771-4071-AF6D-A7CBB03544EB} = {6B7474D4-0771-4071-AF6D-A7CBB03544EB}
	EndProjectSection
EndProject
Project("{9A19103F-16F7-4668-BE54-9A1E7A4F7556}") = "JoaoHong.APICollection.Domain", "JoaoHong.APICollection.Domain\JoaoHong.APICollection.Domain.csproj", "{6B7474D4-0771-4071-AF6D-A7CBB03544EB}"
EndProject
Project("{9A19103F-16F7-4668-BE54-9A1E7A4F7556}") = "JoaoHong.APICollection.Infrastructure", "JoaoHong.APICollection.Infrastructure\JoaoHong.APICollection.Infrastructure.csproj", "{348FA469-A132-42FD-8F8F-9CE4BD954813}"
	ProjectSection(ProjectDependencies) = postProject
		{6B7474D4-0771-4071-AF6D-A7CBB03544EB} = {6B7474D4-0771-4071-AF6D-A7CBB03544EB}
	EndProjectSection
EndProject
Global
	GlobalSection(SolutionConfigurationPlatforms) = preSolution
		Debug|Any CPU = Debug|Any CPU
		Release|Any CPU = Release|Any CPU
	EndGlobalSection
	GlobalSection(ProjectConfigurationPlatforms) = postSolution
		{AB08F8D8-C940-4458-99D6-0BA9A45C4D89}.Debug|Any CPU.ActiveCfg = Debug|Any CPU
		{AB08F8D8-C940-4458-99D6-0BA9A45C4D89}.Release|Any CPU.ActiveCfg = Release|Any CPU
		{AB08F8D8-C940-4458-99D6-0BA9A45C4D89}.Release|Any CPU.Build.0 = Release|Any CPU
		{9A5F884B-C010-405D-AF95-7DF625596489}.Debug|Any CPU.ActiveCfg = Debug|Any CPU
		{9A5F884B-C010-405D-AF95-7DF625596489}.Release|Any CPU.ActiveCfg = Release|Any CPU
		{9A5F884B-C010-405D-AF95-7DF625596489}.Release|Any CPU.Build.0 = Release|Any CPU
		{6B7474D4-0771-4071-AF6D-A7CBB03544EB}.Debug|Any CPU.ActiveCfg = Debug|Any CPU
		{6B7474D4-0771-4071-AF6D-A7CBB03544EB}.Release|Any CPU.ActiveCfg = Release|Any CPU
		{6B7474D4-0771-4071-AF6D-A7CBB03544EB}.Release|Any CPU.Build.0 = Release|Any CPU
		{348FA469-A132-42FD-8F8F-9CE4BD954813}.Debug|Any CPU.ActiveCfg = Debug|Any CPU
		{348FA469-A132-42FD-8F8F-9CE4BD954813}.Release|Any CPU.ActiveCfg = Release|Any CPU
		{348FA469-A132-42FD-8F8F-9CE4BD954813}.Release|Any CPU.Build.0 = Release|Any CPU
	EndGlobalSection
	GlobalSection(SolutionProperties) = preSolution
		HideSolutionNode = FALSE
	EndGlobalSection
	GlobalSection(NestedProjects) = preSolution
		{AB08F8D8-C940-4458-99D6-0BA9A45C4D89} = {A265CCC8-E418-4E24-AC5F-0D6698BE4E4C}
		{9A5F884B-C010-405D-AF95-7DF625596489} = {92FD9A97-3FCA-4FF4-87C9-5FA1550B87EF}
		{6B7474D4-0771-4071-AF6D-A7CBB03544EB} = {92FD9A97-3FCA-4FF4-87C9-5FA1550B87EF}
		{348FA469-A132-42FD-8F8F-9CE4BD954813} = {FB5AF70D-C3DE-4F0C-A6D2-57B3D9A675E5}
	EndGlobalSection
	GlobalSection(ExtensibilityGlobals) = postSolution
		SolutionGuid = {E7590421-11C6-43F9-BBDE-AC07BAD5038A}
	EndGlobalSection
EndGlobal
